
Microsoft Visual Studio Solution File, Format Version 12.00
# Visual Studio 2013
VisualStudioVersion = 12.0.21005.1
MinimumVisualStudioVersion = 10.0.40219.1
Project("{FAE04EC0-301F-11D3-BF4B-00C04F79EFBC}") = "DPA.Web", "DPA\DPA.Web.csproj", "{902162F1-8136-4636-AEE6-6D640E495973}"
EndProject
Project("{FAE04EC0-301F-11D3-BF4B-00C04F79EFBC}") = "DPA.Db", "DPA.Db\DPA.Db.csproj", "{405428F0-E19E-46CF-8C52-2D7CCF528D28}"
EndProject
Project("{FAE04EC0-301F-11D3-BF4B-00C04F79EFBC}") = "DPA.Services", "DPA.Services\DPA.Services.csproj", "{AD478ACA-C68D-400F-AFD9-296D16911CA1}"
EndProject
Project("{FAE04EC0-301F-11D3-BF4B-00C04F79EFBC}") = "DPA.Core", "DPA.Core\DPA.Core.csproj", "{45725D7E-CAE4-4FB3-829B-BBDE963EAD54}"
EndProject
Global
	GlobalSection(SolutionConfigurationPlatforms) = preSolution
		Debug|Any CPU = Debug|Any CPU
		Release|Any CPU = Release|Any CPU
	EndGlobalSection
	GlobalSection(ProjectConfigurationPlatforms) = postSolution
		{902162F1-8136-4636-AEE6-6D640E495973}.Debug|Any CPU.ActiveCfg = Debug|Any CPU
		{902162F1-8136-4636-AEE6-6D640E495973}.Debug|Any CPU.Build.0 = Debug|Any CPU
		{902162F1-8136-4636-AEE6-6D640E495973}.Release|Any CPU.ActiveCfg = Release|Any CPU
		{902162F1-8136-4636-AEE6-6D640E495973}.Release|Any CPU.Build.0 = Release|Any CPU
		{405428F0-E19E-46CF-8C52-2D7CCF528D28}.Debug|Any CPU.ActiveCfg = Debug|Any CPU
		{405428F0-E19E-46CF-8C52-2D7CCF528D28}.Debug|Any CPU.Build.0 = Debug|Any CPU
		{405428F0-E19E-46CF-8C52-2D7CCF528D28}.Release|Any CPU.ActiveCfg = Release|Any CPU
		{405428F0-E19E-46CF-8C52-2D7CCF528D28}.Release|Any CPU.Build.0 = Release|Any CPU
		{AD478ACA-C68D-400F-AFD9-296D16911CA1}.Debug|Any CPU.ActiveCfg = Debug|Any CPU
		{AD478ACA-C68D-400F-AFD9-296D16911CA1}.Debug|Any CPU.Build.0 = Debug|Any CPU
		{AD478ACA-C68D-400F-AFD9-296D16911CA1}.Release|Any CPU.ActiveCfg = Release|Any CPU
		{AD478ACA-C68D-400F-AFD9-296D16911CA1}.Release|Any CPU.Build.0 = Release|Any CPU
		{45725D7E-CAE4-4FB3-829B-BBDE963EAD54}.Debug|Any CPU.ActiveCfg = Debug|Any CPU
		{45725D7E-CAE4-4FB3-829B-BBDE963EAD54}.Debug|Any CPU.Build.0 = Debug|Any CPU
		{45725D7E-CAE4-4FB3-829B-BBDE963EAD54}.Release|Any CPU.ActiveCfg = Release|Any CPU
		{45725D7E-CAE4-4FB3-829B-BBDE963EAD54}.Release|Any CPU.Build.0 = Release|Any CPU
	EndGlobalSection
	GlobalSection(SolutionProperties) = preSolution
		HideSolutionNode = FALSE
	EndGlobalSection
EndGlobal
