
Microsoft Visual Studio Solution File, Format Version 12.00
# Visual Studio 2013
VisualStudioVersion = 12.0.21005.1
MinimumVisualStudioVersion = 10.0.40219.1
Project("{FAE04EC0-301F-11D3-BF4B-00C04F79EFBC}") = "VendingMachine.Test", "VendingMachineTest\VendingMachine.Test.csproj", "{BB8EDD93-68FE-4181-95B6-646FC2477EB1}"
EndProject
Project("{FAE04EC0-301F-11D3-BF4B-00C04F79EFBC}") = "VandingMachine.Logic", "VendingMachine\VandingMachine.Logic.csproj", "{AA511C79-B9B2-4CB2-AB7A-6DC9668102EE}"
EndProject
Global
	GlobalSection(SolutionConfigurationPlatforms) = preSolution
		Debug|Any CPU = Debug|Any CPU
		Release|Any CPU = Release|Any CPU
	EndGlobalSection
	GlobalSection(ProjectConfigurationPlatforms) = postSolution
		{BB8EDD93-68FE-4181-95B6-646FC2477EB1}.Debug|Any CPU.ActiveCfg = Debug|Any CPU
		{BB8EDD93-68FE-4181-95B6-646FC2477EB1}.Debug|Any CPU.Build.0 = Debug|Any CPU
		{BB8EDD93-68FE-4181-95B6-646FC2477EB1}.Release|Any CPU.ActiveCfg = Release|Any CPU
		{BB8EDD93-68FE-4181-95B6-646FC2477EB1}.Release|Any CPU.Build.0 = Release|Any CPU
		{AA511C79-B9B2-4CB2-AB7A-6DC9668102EE}.Debug|Any CPU.ActiveCfg = Debug|Any CPU
		{AA511C79-B9B2-4CB2-AB7A-6DC9668102EE}.Debug|Any CPU.Build.0 = Debug|Any CPU
		{AA511C79-B9B2-4CB2-AB7A-6DC9668102EE}.Release|Any CPU.ActiveCfg = Release|Any CPU
		{AA511C79-B9B2-4CB2-AB7A-6DC9668102EE}.Release|Any CPU.Build.0 = Release|Any CPU
	EndGlobalSection
	GlobalSection(SolutionProperties) = preSolution
		HideSolutionNode = FALSE
	EndGlobalSection
EndGlobal
