
Microsoft Visual Studio Solution File, Format Version 12.00
# Visual Studio Version 17
VisualStudioVersion = 17.9.34723.18
MinimumVisualStudioVersion = 10.0.40219.1
Project("{FAE04EC0-301F-11D3-BF4B-00C04F79EFBC}") = "ScreenSatusAndroid", "ScreenSatusAndroid\ScreenSatusAndroid.csproj", "{9E877994-B53A-447F-B380-4C4D6B4DC7FC}"
EndProject
Global
	GlobalSection(SolutionConfigurationPlatforms) = preSolution
		Debug|Any CPU = Debug|Any CPU
		Release|Any CPU = Release|Any CPU
	EndGlobalSection
	GlobalSection(ProjectConfigurationPlatforms) = postSolution
		{9E877994-B53A-447F-B380-4C4D6B4DC7FC}.Debug|Any CPU.ActiveCfg = Debug|Any CPU
		{9E877994-B53A-447F-B380-4C4D6B4DC7FC}.Debug|Any CPU.Build.0 = Debug|Any CPU
		{9E877994-B53A-447F-B380-4C4D6B4DC7FC}.Debug|Any CPU.Deploy.0 = Debug|Any CPU
		{9E877994-B53A-447F-B380-4C4D6B4DC7FC}.Release|Any CPU.ActiveCfg = Release|Any CPU
		{9E877994-B53A-447F-B380-4C4D6B4DC7FC}.Release|Any CPU.Build.0 = Release|Any CPU
		{9E877994-B53A-447F-B380-4C4D6B4DC7FC}.Release|Any CPU.Deploy.0 = Release|Any CPU
	EndGlobalSection
	GlobalSection(SolutionProperties) = preSolution
		HideSolutionNode = FALSE
	EndGlobalSection
	GlobalSection(ExtensibilityGlobals) = postSolution
		SolutionGuid = {DE7F705B-5557-4507-867F-7243613772CA}
	EndGlobalSection
EndGlobal
