
Microsoft Visual Studio Solution File, Format Version 12.00
# Visual Studio Version 17
VisualStudioVersion = 17.9.34902.65
MinimumVisualStudioVersion = 10.0.40219.1
Project("{FAE04EC0-301F-11D3-BF4B-00C04F79EFBC}") = "AutoShutDown", "AutoShutDown\AutoShutDown.csproj", "{5540CF71-4E85-4853-A055-80B6BAE83794}"
EndProject
Global
	GlobalSection(SolutionConfigurationPlatforms) = preSolution
		Debug|Any CPU = Debug|Any CPU
		Release|Any CPU = Release|Any CPU
	EndGlobalSection
	GlobalSection(ProjectConfigurationPlatforms) = postSolution
		{5540CF71-4E85-4853-A055-80B6BAE83794}.Debug|Any CPU.ActiveCfg = Debug|Any CPU
		{5540CF71-4E85-4853-A055-80B6BAE83794}.Debug|Any CPU.Build.0 = Debug|Any CPU
		{5540CF71-4E85-4853-A055-80B6BAE83794}.Release|Any CPU.ActiveCfg = Release|Any CPU
		{5540CF71-4E85-4853-A055-80B6BAE83794}.Release|Any CPU.Build.0 = Release|Any CPU
	EndGlobalSection
	GlobalSection(SolutionProperties) = preSolution
		HideSolutionNode = FALSE
	EndGlobalSection
	GlobalSection(ExtensibilityGlobals) = postSolution
		SolutionGuid = {A00C7121-A5D6-4473-B195-611FB4C1621A}
	EndGlobalSection
EndGlobal
