
Microsoft Visual Studio Solution File, Format Version 12.00
# Visual Studio Version 17
VisualStudioVersion = 17.9.34902.65
MinimumVisualStudioVersion = 10.0.40219.1
Project("{FAE04EC0-301F-11D3-BF4B-00C04F79EFBC}") = "SashaAuto", "SashaAuto\SashaAuto.csproj", "{8FCB3280-6F19-4EAE-9D9D-EBE97CA55F33}"
EndProject
Global
	GlobalSection(SolutionConfigurationPlatforms) = preSolution
		Debug|Any CPU = Debug|Any CPU
		Release|Any CPU = Release|Any CPU
	EndGlobalSection
	GlobalSection(ProjectConfigurationPlatforms) = postSolution
		{8FCB3280-6F19-4EAE-9D9D-EBE97CA55F33}.Debug|Any CPU.ActiveCfg = Debug|Any CPU
		{8FCB3280-6F19-4EAE-9D9D-EBE97CA55F33}.Debug|Any CPU.Build.0 = Debug|Any CPU
		{8FCB3280-6F19-4EAE-9D9D-EBE97CA55F33}.Release|Any CPU.ActiveCfg = Release|Any CPU
		{8FCB3280-6F19-4EAE-9D9D-EBE97CA55F33}.Release|Any CPU.Build.0 = Release|Any CPU
	EndGlobalSection
	GlobalSection(SolutionProperties) = preSolution
		HideSolutionNode = FALSE
	EndGlobalSection
	GlobalSection(ExtensibilityGlobals) = postSolution
		SolutionGuid = {4592E520-13E2-40BD-AC48-E47DF74A3D07}
	EndGlobalSection
EndGlobal
