
Microsoft Visual Studio Solution File, Format Version 12.00
# Visual Studio 2013
VisualStudioVersion = 12.0.30501.0
MinimumVisualStudioVersion = 10.0.40219.1
Project("{FAE04EC0-301F-11D3-BF4B-00C04F79EFBC}") = "eServices.Web", "eServicesWeb\eServices.Web.csproj", "{55B9203A-D5AE-496E-B0C8-D040A3527F6F}"
EndProject
Project("{FAE04EC0-301F-11D3-BF4B-00C04F79EFBC}") = "eServices.Common", "eServicesCommon\eServices.Common.csproj", "{E8249680-F469-4DAD-8027-E68FE4044094}"
EndProject
Project("{2150E333-8FDC-42A3-9474-1A3956D46DE8}") = "Tests", "Tests", "{6DA2C110-D54A-4DA1-AE5F-9EE569E73220}"
EndProject
Project("{FAE04EC0-301F-11D3-BF4B-00C04F79EFBC}") = "eServicesWebTests", "Tests\eServicesWebTests\eServicesWebTests.csproj", "{4E63F36D-C3A5-4CB4-8B83-1DCB53339C11}"
EndProject
Project("{FAE04EC0-301F-11D3-BF4B-00C04F79EFBC}") = "eServicesCommonTests", "Tests\eServicesCommonTests\eServicesCommonTests.csproj", "{E70E25C2-D854-4EF3-8C5E-38DAAD1A89C5}"
EndProject
Project("{FAE04EC0-301F-11D3-BF4B-00C04F79EFBC}") = "TestHelpers", "Tests\TestHelpers\TestHelpers.csproj", "{3AB7DEEF-56EF-45DF-84FC-E4BF72EE639F}"
EndProject
Project("{FAE04EC0-301F-11D3-BF4B-00C04F79EFBC}") = "eServices.Logic", "eServicesLogic\eServices.Logic.csproj", "{34E37705-6543-42AA-A0C5-536FB2E17533}"
EndProject
Project("{FAE04EC0-301F-11D3-BF4B-00C04F79EFBC}") = "eServices.Models", "eServicesModels\eServices.Models.csproj", "{4328C8D8-DEC3-4781-9D20-A2909003C625}"
EndProject
Project("{2150E333-8FDC-42A3-9474-1A3956D46DE8}") = ".nuget", ".nuget", "{AC6469A7-DB40-45AC-9BD0-EE83242B8825}"
	ProjectSection(SolutionItems) = preProject
		.nuget\NuGet.Config = .nuget\NuGet.Config
		.nuget\NuGet.exe = .nuget\NuGet.exe
		.nuget\NuGet.targets = .nuget\NuGet.targets
	EndProjectSection
EndProject
Project("{F088123C-0E9E-452A-89E6-6BA2F21D5CAC}") = "eService.Diagrams", "eServiceDiagrams\eService.Diagrams.modelproj", "{AC47741B-D58C-4A0E-A8BA-68C908C892D7}"
EndProject
Project("{FAE04EC0-301F-11D3-BF4B-00C04F79EFBC}") = "eServices.Db.Objects", "eServicesDbObjects\eServices.Db.Objects.csproj", "{8BC23930-B4D6-435C-AF14-C5247F90099F}"
EndProject
Project("{FAE04EC0-301F-11D3-BF4B-00C04F79EFBC}") = "eServices.Db.Access", "eServicesDbAccess\eServices.Db.Access.csproj", "{F94459FA-184E-4C7A-9DF9-37CCA2B0C3A5}"
EndProject
Project("{FAE04EC0-301F-11D3-BF4B-00C04F79EFBC}") = "eServicesModelTests", "Tests\eServicesModelTests\eServicesModelTests.csproj", "{5377FC86-D8DE-40DE-A4B2-0AD3027CC220}"
EndProject
Project("{FAE04EC0-301F-11D3-BF4B-00C04F79EFBC}") = "eServicesLogicTests", "Tests\eServicesLogicTests\eServicesLogicTests.csproj", "{25D6590A-6AF9-44F1-9216-F567AEC102DE}"
EndProject
Project("{FAE04EC0-301F-11D3-BF4B-00C04F79EFBC}") = "eServices.UmaConn.Client", "eServicesUmaConnClient\eServices.UmaConn.Client.csproj", "{BCD0F60C-8F22-4BC1-9BED-7F814282D6CE}"
EndProject
Project("{2150E333-8FDC-42A3-9474-1A3956D46DE8}") = "Connectors", "Connectors", "{A8BEF601-C022-4DFD-A52D-6B634718E685}"
EndProject
Project("{FAE04EC0-301F-11D3-BF4B-00C04F79EFBC}") = "eServices.Vetuma.Conn", "eServiceVetumaConn\eServices.Vetuma.Conn.csproj", "{37CBD157-CD77-403C-A536-D238FAB7C4AB}"
EndProject
Project("{FAE04EC0-301F-11D3-BF4B-00C04F79EFBC}") = "ExternalApiContracts", "ExternalApiContracts\ExternalApiContracts.csproj", "{E1E257AD-2D35-4FA6-9234-6B7F670C09D8}"
EndProject
Global
	GlobalSection(TeamFoundationVersionControl) = preSolution
		SccNumberOfProjects = 16
		SccEnterpriseProvider = {4CA58AB2-18FA-4F8D-95D4-32DDF27D184C}
		SccTeamFoundationServer = http://tfs2012.dev.uma.gov:8080/tfs/uma
		SccLocalPath0 = .
		SccProjectUniqueName1 = eServicesWeb\\eServices.Web.csproj
		SccProjectName1 = eServicesWeb
		SccLocalPath1 = eServicesWeb
		SccProjectUniqueName2 = eServicesCommon\\eServices.Common.csproj
		SccProjectName2 = eServicesCommon
		SccLocalPath2 = eServicesCommon
		SccProjectUniqueName3 = Tests\\TestHelpers\\TestHelpers.csproj
		SccProjectTopLevelParentUniqueName3 = eServices.sln
		SccProjectName3 = Tests/TestHelpers
		SccLocalPath3 = Tests\\TestHelpers
		SccProjectUniqueName4 = eServicesLogic\\eServices.Logic.csproj
		SccProjectName4 = eServicesLogic
		SccLocalPath4 = eServicesLogic
		SccProjectUniqueName5 = eServicesModels\\eServices.Models.csproj
		SccProjectName5 = eServicesModels
		SccLocalPath5 = eServicesModels
		SccProjectUniqueName6 = Tests\\eServicesWebTests\\eServicesWebTests.csproj
		SccProjectTopLevelParentUniqueName6 = eServices.sln
		SccProjectName6 = Tests/eServicesWebTests
		SccLocalPath6 = Tests\\eServicesWebTests
		SccProjectUniqueName7 = Tests\\eServicesCommonTests\\eServicesCommonTests.csproj
		SccProjectTopLevelParentUniqueName7 = eServices.sln
		SccProjectName7 = Tests/eServicesCommonTests
		SccLocalPath7 = Tests\\eServicesCommonTests
		SccProjectUniqueName8 = eServiceDiagrams\\eService.Diagrams.modelproj
		SccProjectName8 = eServiceDiagrams
		SccLocalPath8 = eServiceDiagrams
		SccProjectUniqueName9 = eServicesDbObjects\\eServices.Db.Objects.csproj
		SccProjectTopLevelParentUniqueName9 = eServices.sln
		SccProjectName9 = eServicesDbObjects
		SccLocalPath9 = eServicesDbObjects
		SccProjectUniqueName10 = eServicesDbAccess\\eServices.Db.Access.csproj
		SccProjectTopLevelParentUniqueName10 = eServices.sln
		SccProjectName10 = eServicesDbAccess
		SccLocalPath10 = eServicesDbAccess
		SccProjectUniqueName11 = Tests\\eServicesModelTests\\eServicesModelTests.csproj
		SccProjectTopLevelParentUniqueName11 = eServices.sln
		SccProjectName11 = Tests/eServicesModelTests
		SccLocalPath11 = Tests\\eServicesModelTests
		SccProjectUniqueName12 = Tests\\eServicesLogicTests\\eServicesLogicTests.csproj
		SccProjectTopLevelParentUniqueName12 = eServices.sln
		SccProjectName12 = Tests/eServicesLogicTests
		SccLocalPath12 = Tests\\eServicesLogicTests
		SccProjectUniqueName13 = eServicesUmaConnClient\\eServices.UmaConn.Client.csproj
		SccProjectTopLevelParentUniqueName13 = eServices.sln
		SccProjectName13 = eServicesUmaConnClient
		SccLocalPath13 = eServicesUmaConnClient
		SccProjectUniqueName14 = eServiceVetumaConn\\eServices.Vetuma.Conn.csproj
		SccProjectTopLevelParentUniqueName14 = eServices.sln
		SccProjectName14 = eServiceVetumaConn
		SccLocalPath14 = eServiceVetumaConn
		SccProjectUniqueName15 = ExternalApiContracts\\ExternalApiContracts.csproj
		SccProjectTopLevelParentUniqueName15 = eServices.sln
		SccProjectName15 = ExternalApiContracts
		SccLocalPath15 = ExternalApiContracts
	EndGlobalSection
	GlobalSection(SolutionConfigurationPlatforms) = preSolution
		Assm|Any CPU = Assm|Any CPU
		Debug|Any CPU = Debug|Any CPU
		MasterData|Any CPU = MasterData|Any CPU
		Prod|Any CPU = Prod|Any CPU
		Qa|Any CPU = Qa|Any CPU
		Release|Any CPU = Release|Any CPU
		Sys|Any CPU = Sys|Any CPU
	EndGlobalSection
	GlobalSection(ProjectConfigurationPlatforms) = postSolution
		{55B9203A-D5AE-496E-B0C8-D040A3527F6F}.Assm|Any CPU.ActiveCfg = Assm|Any CPU
		{55B9203A-D5AE-496E-B0C8-D040A3527F6F}.Assm|Any CPU.Build.0 = Assm|Any CPU
		{55B9203A-D5AE-496E-B0C8-D040A3527F6F}.Debug|Any CPU.ActiveCfg = Debug|Any CPU
		{55B9203A-D5AE-496E-B0C8-D040A3527F6F}.Debug|Any CPU.Build.0 = Debug|Any CPU
		{55B9203A-D5AE-496E-B0C8-D040A3527F6F}.MasterData|Any CPU.ActiveCfg = MasterData|Any CPU
		{55B9203A-D5AE-496E-B0C8-D040A3527F6F}.MasterData|Any CPU.Build.0 = MasterData|Any CPU
		{55B9203A-D5AE-496E-B0C8-D040A3527F6F}.Prod|Any CPU.ActiveCfg = Prod|Any CPU
		{55B9203A-D5AE-496E-B0C8-D040A3527F6F}.Prod|Any CPU.Build.0 = Prod|Any CPU
		{55B9203A-D5AE-496E-B0C8-D040A3527F6F}.Qa|Any CPU.ActiveCfg = Qa|Any CPU
		{55B9203A-D5AE-496E-B0C8-D040A3527F6F}.Qa|Any CPU.Build.0 = Qa|Any CPU
		{55B9203A-D5AE-496E-B0C8-D040A3527F6F}.Release|Any CPU.ActiveCfg = Sys|Any CPU
		{55B9203A-D5AE-496E-B0C8-D040A3527F6F}.Release|Any CPU.Build.0 = Sys|Any CPU
		{55B9203A-D5AE-496E-B0C8-D040A3527F6F}.Sys|Any CPU.ActiveCfg = Sys|Any CPU
		{55B9203A-D5AE-496E-B0C8-D040A3527F6F}.Sys|Any CPU.Build.0 = Sys|Any CPU
		{E8249680-F469-4DAD-8027-E68FE4044094}.Assm|Any CPU.ActiveCfg = Release|Any CPU
		{E8249680-F469-4DAD-8027-E68FE4044094}.Assm|Any CPU.Build.0 = Release|Any CPU
		{E8249680-F469-4DAD-8027-E68FE4044094}.Debug|Any CPU.ActiveCfg = Debug|Any CPU
		{E8249680-F469-4DAD-8027-E68FE4044094}.Debug|Any CPU.Build.0 = Debug|Any CPU
		{E8249680-F469-4DAD-8027-E68FE4044094}.MasterData|Any CPU.ActiveCfg = MasterData|Any CPU
		{E8249680-F469-4DAD-8027-E68FE4044094}.MasterData|Any CPU.Build.0 = MasterData|Any CPU
		{E8249680-F469-4DAD-8027-E68FE4044094}.Prod|Any CPU.ActiveCfg = Prod|Any CPU
		{E8249680-F469-4DAD-8027-E68FE4044094}.Prod|Any CPU.Build.0 = Prod|Any CPU
		{E8249680-F469-4DAD-8027-E68FE4044094}.Qa|Any CPU.ActiveCfg = Release|Any CPU
		{E8249680-F469-4DAD-8027-E68FE4044094}.Qa|Any CPU.Build.0 = Release|Any CPU
		{E8249680-F469-4DAD-8027-E68FE4044094}.Release|Any CPU.ActiveCfg = Release|Any CPU
		{E8249680-F469-4DAD-8027-E68FE4044094}.Release|Any CPU.Build.0 = Release|Any CPU
		{E8249680-F469-4DAD-8027-E68FE4044094}.Sys|Any CPU.ActiveCfg = Release|Any CPU
		{E8249680-F469-4DAD-8027-E68FE4044094}.Sys|Any CPU.Build.0 = Release|Any CPU
		{4E63F36D-C3A5-4CB4-8B83-1DCB53339C11}.Assm|Any CPU.ActiveCfg = Release|Any CPU
		{4E63F36D-C3A5-4CB4-8B83-1DCB53339C11}.Assm|Any CPU.Build.0 = Release|Any CPU
		{4E63F36D-C3A5-4CB4-8B83-1DCB53339C11}.Debug|Any CPU.ActiveCfg = Debug|Any CPU
		{4E63F36D-C3A5-4CB4-8B83-1DCB53339C11}.Debug|Any CPU.Build.0 = Debug|Any CPU
		{4E63F36D-C3A5-4CB4-8B83-1DCB53339C11}.MasterData|Any CPU.ActiveCfg = Debug|Any CPU
		{4E63F36D-C3A5-4CB4-8B83-1DCB53339C11}.MasterData|Any CPU.Build.0 = Debug|Any CPU
		{4E63F36D-C3A5-4CB4-8B83-1DCB53339C11}.Prod|Any CPU.ActiveCfg = Release|Any CPU
		{4E63F36D-C3A5-4CB4-8B83-1DCB53339C11}.Qa|Any CPU.ActiveCfg = Release|Any CPU
		{4E63F36D-C3A5-4CB4-8B83-1DCB53339C11}.Release|Any CPU.ActiveCfg = Release|Any CPU
		{4E63F36D-C3A5-4CB4-8B83-1DCB53339C11}.Release|Any CPU.Build.0 = Release|Any CPU
		{4E63F36D-C3A5-4CB4-8B83-1DCB53339C11}.Sys|Any CPU.ActiveCfg = Release|Any CPU
		{E70E25C2-D854-4EF3-8C5E-38DAAD1A89C5}.Assm|Any CPU.ActiveCfg = Release|Any CPU
		{E70E25C2-D854-4EF3-8C5E-38DAAD1A89C5}.Assm|Any CPU.Build.0 = Release|Any CPU
		{E70E25C2-D854-4EF3-8C5E-38DAAD1A89C5}.Debug|Any CPU.ActiveCfg = Debug|Any CPU
		{E70E25C2-D854-4EF3-8C5E-38DAAD1A89C5}.Debug|Any CPU.Build.0 = Debug|Any CPU
		{E70E25C2-D854-4EF3-8C5E-38DAAD1A89C5}.MasterData|Any CPU.ActiveCfg = MasterData|Any CPU
		{E70E25C2-D854-4EF3-8C5E-38DAAD1A89C5}.MasterData|Any CPU.Build.0 = MasterData|Any CPU
		{E70E25C2-D854-4EF3-8C5E-38DAAD1A89C5}.Prod|Any CPU.ActiveCfg = Release|Any CPU
		{E70E25C2-D854-4EF3-8C5E-38DAAD1A89C5}.Qa|Any CPU.ActiveCfg = Release|Any CPU
		{E70E25C2-D854-4EF3-8C5E-38DAAD1A89C5}.Release|Any CPU.ActiveCfg = Release|Any CPU
		{E70E25C2-D854-4EF3-8C5E-38DAAD1A89C5}.Release|Any CPU.Build.0 = Release|Any CPU
		{E70E25C2-D854-4EF3-8C5E-38DAAD1A89C5}.Sys|Any CPU.ActiveCfg = Release|Any CPU
		{3AB7DEEF-56EF-45DF-84FC-E4BF72EE639F}.Assm|Any CPU.ActiveCfg = Release|Any CPU
		{3AB7DEEF-56EF-45DF-84FC-E4BF72EE639F}.Assm|Any CPU.Build.0 = Release|Any CPU
		{3AB7DEEF-56EF-45DF-84FC-E4BF72EE639F}.Debug|Any CPU.ActiveCfg = Debug|Any CPU
		{3AB7DEEF-56EF-45DF-84FC-E4BF72EE639F}.Debug|Any CPU.Build.0 = Debug|Any CPU
		{3AB7DEEF-56EF-45DF-84FC-E4BF72EE639F}.MasterData|Any CPU.ActiveCfg = MasterData|Any CPU
		{3AB7DEEF-56EF-45DF-84FC-E4BF72EE639F}.MasterData|Any CPU.Build.0 = MasterData|Any CPU
		{3AB7DEEF-56EF-45DF-84FC-E4BF72EE639F}.Prod|Any CPU.ActiveCfg = Release|Any CPU
		{3AB7DEEF-56EF-45DF-84FC-E4BF72EE639F}.Qa|Any CPU.ActiveCfg = Release|Any CPU
		{3AB7DEEF-56EF-45DF-84FC-E4BF72EE639F}.Release|Any CPU.ActiveCfg = Release|Any CPU
		{3AB7DEEF-56EF-45DF-84FC-E4BF72EE639F}.Release|Any CPU.Build.0 = Release|Any CPU
		{3AB7DEEF-56EF-45DF-84FC-E4BF72EE639F}.Sys|Any CPU.ActiveCfg = Release|Any CPU
		{34E37705-6543-42AA-A0C5-536FB2E17533}.Assm|Any CPU.ActiveCfg = Release|Any CPU
		{34E37705-6543-42AA-A0C5-536FB2E17533}.Assm|Any CPU.Build.0 = Release|Any CPU
		{34E37705-6543-42AA-A0C5-536FB2E17533}.Debug|Any CPU.ActiveCfg = Debug|Any CPU
		{34E37705-6543-42AA-A0C5-536FB2E17533}.Debug|Any CPU.Build.0 = Debug|Any CPU
		{34E37705-6543-42AA-A0C5-536FB2E17533}.MasterData|Any CPU.ActiveCfg = MasterData|Any CPU
		{34E37705-6543-42AA-A0C5-536FB2E17533}.MasterData|Any CPU.Build.0 = MasterData|Any CPU
		{34E37705-6543-42AA-A0C5-536FB2E17533}.Prod|Any CPU.ActiveCfg = Release|Any CPU
		{34E37705-6543-42AA-A0C5-536FB2E17533}.Prod|Any CPU.Build.0 = Release|Any CPU
		{34E37705-6543-42AA-A0C5-536FB2E17533}.Qa|Any CPU.ActiveCfg = Release|Any CPU
		{34E37705-6543-42AA-A0C5-536FB2E17533}.Qa|Any CPU.Build.0 = Release|Any CPU
		{34E37705-6543-42AA-A0C5-536FB2E17533}.Release|Any CPU.ActiveCfg = Release|Any CPU
		{34E37705-6543-42AA-A0C5-536FB2E17533}.Release|Any CPU.Build.0 = Release|Any CPU
		{34E37705-6543-42AA-A0C5-536FB2E17533}.Sys|Any CPU.ActiveCfg = Release|Any CPU
		{34E37705-6543-42AA-A0C5-536FB2E17533}.Sys|Any CPU.Build.0 = Release|Any CPU
		{4328C8D8-DEC3-4781-9D20-A2909003C625}.Assm|Any CPU.ActiveCfg = Release|Any CPU
		{4328C8D8-DEC3-4781-9D20-A2909003C625}.Assm|Any CPU.Build.0 = Release|Any CPU
		{4328C8D8-DEC3-4781-9D20-A2909003C625}.Debug|Any CPU.ActiveCfg = Debug|Any CPU
		{4328C8D8-DEC3-4781-9D20-A2909003C625}.Debug|Any CPU.Build.0 = Debug|Any CPU
		{4328C8D8-DEC3-4781-9D20-A2909003C625}.MasterData|Any CPU.ActiveCfg = MasterData|Any CPU
		{4328C8D8-DEC3-4781-9D20-A2909003C625}.MasterData|Any CPU.Build.0 = MasterData|Any CPU
		{4328C8D8-DEC3-4781-9D20-A2909003C625}.Prod|Any CPU.ActiveCfg = Release|Any CPU
		{4328C8D8-DEC3-4781-9D20-A2909003C625}.Prod|Any CPU.Build.0 = Release|Any CPU
		{4328C8D8-DEC3-4781-9D20-A2909003C625}.Qa|Any CPU.ActiveCfg = Release|Any CPU
		{4328C8D8-DEC3-4781-9D20-A2909003C625}.Qa|Any CPU.Build.0 = Release|Any CPU
		{4328C8D8-DEC3-4781-9D20-A2909003C625}.Release|Any CPU.ActiveCfg = Release|Any CPU
		{4328C8D8-DEC3-4781-9D20-A2909003C625}.Release|Any CPU.Build.0 = Release|Any CPU
		{4328C8D8-DEC3-4781-9D20-A2909003C625}.Sys|Any CPU.ActiveCfg = Release|Any CPU
		{4328C8D8-DEC3-4781-9D20-A2909003C625}.Sys|Any CPU.Build.0 = Release|Any CPU
		{AC47741B-D58C-4A0E-A8BA-68C908C892D7}.Assm|Any CPU.ActiveCfg = Release|Any CPU
		{AC47741B-D58C-4A0E-A8BA-68C908C892D7}.Assm|Any CPU.Build.0 = Release|Any CPU
		{AC47741B-D58C-4A0E-A8BA-68C908C892D7}.Debug|Any CPU.ActiveCfg = Debug|Any CPU
		{AC47741B-D58C-4A0E-A8BA-68C908C892D7}.Debug|Any CPU.Build.0 = Debug|Any CPU
		{AC47741B-D58C-4A0E-A8BA-68C908C892D7}.MasterData|Any CPU.ActiveCfg = MasterData|Any CPU
		{AC47741B-D58C-4A0E-A8BA-68C908C892D7}.MasterData|Any CPU.Build.0 = MasterData|Any CPU
		{AC47741B-D58C-4A0E-A8BA-68C908C892D7}.Prod|Any CPU.ActiveCfg = Release|Any CPU
		{AC47741B-D58C-4A0E-A8BA-68C908C892D7}.Prod|Any CPU.Build.0 = Release|Any CPU
		{AC47741B-D58C-4A0E-A8BA-68C908C892D7}.Qa|Any CPU.ActiveCfg = Release|Any CPU
		{AC47741B-D58C-4A0E-A8BA-68C908C892D7}.Qa|Any CPU.Build.0 = Release|Any CPU
		{AC47741B-D58C-4A0E-A8BA-68C908C892D7}.Release|Any CPU.ActiveCfg = Release|Any CPU
		{AC47741B-D58C-4A0E-A8BA-68C908C892D7}.Release|Any CPU.Build.0 = Release|Any CPU
		{AC47741B-D58C-4A0E-A8BA-68C908C892D7}.Sys|Any CPU.ActiveCfg = Release|Any CPU
		{AC47741B-D58C-4A0E-A8BA-68C908C892D7}.Sys|Any CPU.Build.0 = Release|Any CPU
		{8BC23930-B4D6-435C-AF14-C5247F90099F}.Assm|Any CPU.ActiveCfg = Release|Any CPU
		{8BC23930-B4D6-435C-AF14-C5247F90099F}.Assm|Any CPU.Build.0 = Release|Any CPU
		{8BC23930-B4D6-435C-AF14-C5247F90099F}.Debug|Any CPU.ActiveCfg = Debug|Any CPU
		{8BC23930-B4D6-435C-AF14-C5247F90099F}.Debug|Any CPU.Build.0 = Debug|Any CPU
		{8BC23930-B4D6-435C-AF14-C5247F90099F}.MasterData|Any CPU.ActiveCfg = MasterData|Any CPU
		{8BC23930-B4D6-435C-AF14-C5247F90099F}.MasterData|Any CPU.Build.0 = MasterData|Any CPU
		{8BC23930-B4D6-435C-AF14-C5247F90099F}.Prod|Any CPU.ActiveCfg = Release|Any CPU
		{8BC23930-B4D6-435C-AF14-C5247F90099F}.Prod|Any CPU.Build.0 = Release|Any CPU
		{8BC23930-B4D6-435C-AF14-C5247F90099F}.Qa|Any CPU.ActiveCfg = Release|Any CPU
		{8BC23930-B4D6-435C-AF14-C5247F90099F}.Qa|Any CPU.Build.0 = Release|Any CPU
		{8BC23930-B4D6-435C-AF14-C5247F90099F}.Release|Any CPU.ActiveCfg = Release|Any CPU
		{8BC23930-B4D6-435C-AF14-C5247F90099F}.Release|Any CPU.Build.0 = Release|Any CPU
		{8BC23930-B4D6-435C-AF14-C5247F90099F}.Sys|Any CPU.ActiveCfg = Release|Any CPU
		{8BC23930-B4D6-435C-AF14-C5247F90099F}.Sys|Any CPU.Build.0 = Release|Any CPU
		{F94459FA-184E-4C7A-9DF9-37CCA2B0C3A5}.Assm|Any CPU.ActiveCfg = Release|Any CPU
		{F94459FA-184E-4C7A-9DF9-37CCA2B0C3A5}.Assm|Any CPU.Build.0 = Release|Any CPU
		{F94459FA-184E-4C7A-9DF9-37CCA2B0C3A5}.Debug|Any CPU.ActiveCfg = Debug|Any CPU
		{F94459FA-184E-4C7A-9DF9-37CCA2B0C3A5}.Debug|Any CPU.Build.0 = Debug|Any CPU
		{F94459FA-184E-4C7A-9DF9-37CCA2B0C3A5}.MasterData|Any CPU.ActiveCfg = MasterData|Any CPU
		{F94459FA-184E-4C7A-9DF9-37CCA2B0C3A5}.MasterData|Any CPU.Build.0 = MasterData|Any CPU
		{F94459FA-184E-4C7A-9DF9-37CCA2B0C3A5}.Prod|Any CPU.ActiveCfg = Release|Any CPU
		{F94459FA-184E-4C7A-9DF9-37CCA2B0C3A5}.Prod|Any CPU.Build.0 = Release|Any CPU
		{F94459FA-184E-4C7A-9DF9-37CCA2B0C3A5}.Qa|Any CPU.ActiveCfg = Release|Any CPU
		{F94459FA-184E-4C7A-9DF9-37CCA2B0C3A5}.Qa|Any CPU.Build.0 = Release|Any CPU
		{F94459FA-184E-4C7A-9DF9-37CCA2B0C3A5}.Release|Any CPU.ActiveCfg = Release|Any CPU
		{F94459FA-184E-4C7A-9DF9-37CCA2B0C3A5}.Release|Any CPU.Build.0 = Release|Any CPU
		{F94459FA-184E-4C7A-9DF9-37CCA2B0C3A5}.Sys|Any CPU.ActiveCfg = Release|Any CPU
		{F94459FA-184E-4C7A-9DF9-37CCA2B0C3A5}.Sys|Any CPU.Build.0 = Release|Any CPU
		{5377FC86-D8DE-40DE-A4B2-0AD3027CC220}.Assm|Any CPU.ActiveCfg = Release|Any CPU
		{5377FC86-D8DE-40DE-A4B2-0AD3027CC220}.Assm|Any CPU.Build.0 = Release|Any CPU
		{5377FC86-D8DE-40DE-A4B2-0AD3027CC220}.Debug|Any CPU.ActiveCfg = Debug|Any CPU
		{5377FC86-D8DE-40DE-A4B2-0AD3027CC220}.Debug|Any CPU.Build.0 = Debug|Any CPU
		{5377FC86-D8DE-40DE-A4B2-0AD3027CC220}.MasterData|Any CPU.ActiveCfg = MasterData|Any CPU
		{5377FC86-D8DE-40DE-A4B2-0AD3027CC220}.MasterData|Any CPU.Build.0 = MasterData|Any CPU
		{5377FC86-D8DE-40DE-A4B2-0AD3027CC220}.Prod|Any CPU.ActiveCfg = Release|Any CPU
		{5377FC86-D8DE-40DE-A4B2-0AD3027CC220}.Prod|Any CPU.Build.0 = Release|Any CPU
		{5377FC86-D8DE-40DE-A4B2-0AD3027CC220}.Qa|Any CPU.ActiveCfg = Release|Any CPU
		{5377FC86-D8DE-40DE-A4B2-0AD3027CC220}.Qa|Any CPU.Build.0 = Release|Any CPU
		{5377FC86-D8DE-40DE-A4B2-0AD3027CC220}.Release|Any CPU.ActiveCfg = Release|Any CPU
		{5377FC86-D8DE-40DE-A4B2-0AD3027CC220}.Release|Any CPU.Build.0 = Release|Any CPU
		{5377FC86-D8DE-40DE-A4B2-0AD3027CC220}.Sys|Any CPU.ActiveCfg = Release|Any CPU
		{5377FC86-D8DE-40DE-A4B2-0AD3027CC220}.Sys|Any CPU.Build.0 = Release|Any CPU
		{25D6590A-6AF9-44F1-9216-F567AEC102DE}.Assm|Any CPU.ActiveCfg = Release|Any CPU
		{25D6590A-6AF9-44F1-9216-F567AEC102DE}.Assm|Any CPU.Build.0 = Release|Any CPU
		{25D6590A-6AF9-44F1-9216-F567AEC102DE}.Debug|Any CPU.ActiveCfg = Debug|Any CPU
		{25D6590A-6AF9-44F1-9216-F567AEC102DE}.Debug|Any CPU.Build.0 = Debug|Any CPU
		{25D6590A-6AF9-44F1-9216-F567AEC102DE}.MasterData|Any CPU.ActiveCfg = Debug|Any CPU
		{25D6590A-6AF9-44F1-9216-F567AEC102DE}.MasterData|Any CPU.Build.0 = Debug|Any CPU
		{25D6590A-6AF9-44F1-9216-F567AEC102DE}.Prod|Any CPU.ActiveCfg = Release|Any CPU
		{25D6590A-6AF9-44F1-9216-F567AEC102DE}.Prod|Any CPU.Build.0 = Release|Any CPU
		{25D6590A-6AF9-44F1-9216-F567AEC102DE}.Qa|Any CPU.ActiveCfg = Release|Any CPU
		{25D6590A-6AF9-44F1-9216-F567AEC102DE}.Qa|Any CPU.Build.0 = Release|Any CPU
		{25D6590A-6AF9-44F1-9216-F567AEC102DE}.Release|Any CPU.ActiveCfg = Release|Any CPU
		{25D6590A-6AF9-44F1-9216-F567AEC102DE}.Release|Any CPU.Build.0 = Release|Any CPU
		{25D6590A-6AF9-44F1-9216-F567AEC102DE}.Sys|Any CPU.ActiveCfg = Release|Any CPU
		{25D6590A-6AF9-44F1-9216-F567AEC102DE}.Sys|Any CPU.Build.0 = Release|Any CPU
		{BCD0F60C-8F22-4BC1-9BED-7F814282D6CE}.Assm|Any CPU.ActiveCfg = Release|Any CPU
		{BCD0F60C-8F22-4BC1-9BED-7F814282D6CE}.Assm|Any CPU.Build.0 = Release|Any CPU
		{BCD0F60C-8F22-4BC1-9BED-7F814282D6CE}.Debug|Any CPU.ActiveCfg = Debug|Any CPU
		{BCD0F60C-8F22-4BC1-9BED-7F814282D6CE}.Debug|Any CPU.Build.0 = Debug|Any CPU
		{BCD0F60C-8F22-4BC1-9BED-7F814282D6CE}.MasterData|Any CPU.ActiveCfg = MasterData|Any CPU
		{BCD0F60C-8F22-4BC1-9BED-7F814282D6CE}.MasterData|Any CPU.Build.0 = MasterData|Any CPU
		{BCD0F60C-8F22-4BC1-9BED-7F814282D6CE}.Prod|Any CPU.ActiveCfg = Release|Any CPU
		{BCD0F60C-8F22-4BC1-9BED-7F814282D6CE}.Prod|Any CPU.Build.0 = Release|Any CPU
		{BCD0F60C-8F22-4BC1-9BED-7F814282D6CE}.Qa|Any CPU.ActiveCfg = Release|Any CPU
		{BCD0F60C-8F22-4BC1-9BED-7F814282D6CE}.Qa|Any CPU.Build.0 = Release|Any CPU
		{BCD0F60C-8F22-4BC1-9BED-7F814282D6CE}.Release|Any CPU.ActiveCfg = Release|Any CPU
		{BCD0F60C-8F22-4BC1-9BED-7F814282D6CE}.Release|Any CPU.Build.0 = Release|Any CPU
		{BCD0F60C-8F22-4BC1-9BED-7F814282D6CE}.Sys|Any CPU.ActiveCfg = Release|Any CPU
		{BCD0F60C-8F22-4BC1-9BED-7F814282D6CE}.Sys|Any CPU.Build.0 = Release|Any CPU
		{37CBD157-CD77-403C-A536-D238FAB7C4AB}.Assm|Any CPU.ActiveCfg = Release|Any CPU
		{37CBD157-CD77-403C-A536-D238FAB7C4AB}.Assm|Any CPU.Build.0 = Release|Any CPU
		{37CBD157-CD77-403C-A536-D238FAB7C4AB}.Debug|Any CPU.ActiveCfg = Debug|Any CPU
		{37CBD157-CD77-403C-A536-D238FAB7C4AB}.Debug|Any CPU.Build.0 = Debug|Any CPU
		{37CBD157-CD77-403C-A536-D238FAB7C4AB}.MasterData|Any CPU.ActiveCfg = Debug|Any CPU
		{37CBD157-CD77-403C-A536-D238FAB7C4AB}.MasterData|Any CPU.Build.0 = Debug|Any CPU
		{37CBD157-CD77-403C-A536-D238FAB7C4AB}.Prod|Any CPU.ActiveCfg = Release|Any CPU
		{37CBD157-CD77-403C-A536-D238FAB7C4AB}.Prod|Any CPU.Build.0 = Release|Any CPU
		{37CBD157-CD77-403C-A536-D238FAB7C4AB}.Qa|Any CPU.ActiveCfg = Release|Any CPU
		{37CBD157-CD77-403C-A536-D238FAB7C4AB}.Qa|Any CPU.Build.0 = Release|Any CPU
		{37CBD157-CD77-403C-A536-D238FAB7C4AB}.Release|Any CPU.ActiveCfg = Release|Any CPU
		{37CBD157-CD77-403C-A536-D238FAB7C4AB}.Release|Any CPU.Build.0 = Release|Any CPU
		{37CBD157-CD77-403C-A536-D238FAB7C4AB}.Sys|Any CPU.ActiveCfg = Release|Any CPU
		{37CBD157-CD77-403C-A536-D238FAB7C4AB}.Sys|Any CPU.Build.0 = Release|Any CPU
		{E1E257AD-2D35-4FA6-9234-6B7F670C09D8}.Assm|Any CPU.ActiveCfg = Release|Any CPU
		{E1E257AD-2D35-4FA6-9234-6B7F670C09D8}.Assm|Any CPU.Build.0 = Release|Any CPU
		{E1E257AD-2D35-4FA6-9234-6B7F670C09D8}.Debug|Any CPU.ActiveCfg = Debug|Any CPU
		{E1E257AD-2D35-4FA6-9234-6B7F670C09D8}.Debug|Any CPU.Build.0 = Debug|Any CPU
		{E1E257AD-2D35-4FA6-9234-6B7F670C09D8}.MasterData|Any CPU.ActiveCfg = Release|Any CPU
		{E1E257AD-2D35-4FA6-9234-6B7F670C09D8}.MasterData|Any CPU.Build.0 = Release|Any CPU
		{E1E257AD-2D35-4FA6-9234-6B7F670C09D8}.Prod|Any CPU.ActiveCfg = Release|Any CPU
		{E1E257AD-2D35-4FA6-9234-6B7F670C09D8}.Prod|Any CPU.Build.0 = Release|Any CPU
		{E1E257AD-2D35-4FA6-9234-6B7F670C09D8}.Qa|Any CPU.ActiveCfg = Release|Any CPU
		{E1E257AD-2D35-4FA6-9234-6B7F670C09D8}.Qa|Any CPU.Build.0 = Release|Any CPU
		{E1E257AD-2D35-4FA6-9234-6B7F670C09D8}.Release|Any CPU.ActiveCfg = Release|Any CPU
		{E1E257AD-2D35-4FA6-9234-6B7F670C09D8}.Release|Any CPU.Build.0 = Release|Any CPU
		{E1E257AD-2D35-4FA6-9234-6B7F670C09D8}.Sys|Any CPU.ActiveCfg = Release|Any CPU
		{E1E257AD-2D35-4FA6-9234-6B7F670C09D8}.Sys|Any CPU.Build.0 = Release|Any CPU
	EndGlobalSection
	GlobalSection(SolutionProperties) = preSolution
		HideSolutionNode = FALSE
	EndGlobalSection
	GlobalSection(NestedProjects) = preSolution
		{4E63F36D-C3A5-4CB4-8B83-1DCB53339C11} = {6DA2C110-D54A-4DA1-AE5F-9EE569E73220}
		{E70E25C2-D854-4EF3-8C5E-38DAAD1A89C5} = {6DA2C110-D54A-4DA1-AE5F-9EE569E73220}
		{3AB7DEEF-56EF-45DF-84FC-E4BF72EE639F} = {6DA2C110-D54A-4DA1-AE5F-9EE569E73220}
		{8BC23930-B4D6-435C-AF14-C5247F90099F} = {A8BEF601-C022-4DFD-A52D-6B634718E685}
		{F94459FA-184E-4C7A-9DF9-37CCA2B0C3A5} = {A8BEF601-C022-4DFD-A52D-6B634718E685}
		{5377FC86-D8DE-40DE-A4B2-0AD3027CC220} = {6DA2C110-D54A-4DA1-AE5F-9EE569E73220}
		{25D6590A-6AF9-44F1-9216-F567AEC102DE} = {6DA2C110-D54A-4DA1-AE5F-9EE569E73220}
		{BCD0F60C-8F22-4BC1-9BED-7F814282D6CE} = {A8BEF601-C022-4DFD-A52D-6B634718E685}
		{37CBD157-CD77-403C-A536-D238FAB7C4AB} = {A8BEF601-C022-4DFD-A52D-6B634718E685}
		{E1E257AD-2D35-4FA6-9234-6B7F670C09D8} = {A8BEF601-C022-4DFD-A52D-6B634718E685}
	EndGlobalSection
EndGlobal
