
Microsoft Visual Studio Solution File, Format Version 12.00
# Visual Studio 15
VisualStudioVersion = 15.0.27703.2026
MinimumVisualStudioVersion = 10.0.40219.1
Project("{FAE04EC0-301F-11D3-BF4B-00C04F79EFBC}") = "Tools", "Tools\Tools.csproj", "{C4A5ABF4-FEB9-4E3D-99EB-F8FEFE2D5E6F}"
EndProject
Project("{FAE04EC0-301F-11D3-BF4B-00C04F79EFBC}") = "TorrentTVService", "TorrentTVService\TorrentTVService.csproj", "{9C122F2C-A931-4E40-B174-CC4BBD39CBE3}"
EndProject
Global
	GlobalSection(SolutionConfigurationPlatforms) = preSolution
		Debug|Any CPU = Debug|Any CPU
		Release|Any CPU = Release|Any CPU
	EndGlobalSection
	GlobalSection(ProjectConfigurationPlatforms) = postSolution
		{C4A5ABF4-FEB9-4E3D-99EB-F8FEFE2D5E6F}.Debug|Any CPU.ActiveCfg = Debug|Any CPU
		{C4A5ABF4-FEB9-4E3D-99EB-F8FEFE2D5E6F}.Debug|Any CPU.Build.0 = Debug|Any CPU
		{C4A5ABF4-FEB9-4E3D-99EB-F8FEFE2D5E6F}.Release|Any CPU.ActiveCfg = Release|Any CPU
		{C4A5ABF4-FEB9-4E3D-99EB-F8FEFE2D5E6F}.Release|Any CPU.Build.0 = Release|Any CPU
		{9C122F2C-A931-4E40-B174-CC4BBD39CBE3}.Debug|Any CPU.ActiveCfg = Debug|Any CPU
		{9C122F2C-A931-4E40-B174-CC4BBD39CBE3}.Debug|Any CPU.Build.0 = Debug|Any CPU
		{9C122F2C-A931-4E40-B174-CC4BBD39CBE3}.Release|Any CPU.ActiveCfg = Release|Any CPU
		{9C122F2C-A931-4E40-B174-CC4BBD39CBE3}.Release|Any CPU.Build.0 = Release|Any CPU
	EndGlobalSection
	GlobalSection(SolutionProperties) = preSolution
		HideSolutionNode = FALSE
	EndGlobalSection
	GlobalSection(ExtensibilityGlobals) = postSolution
		SolutionGuid = {324C639D-BD2C-4459-BB27-B221CEFF383D}
	EndGlobalSection
EndGlobal
